// !$*UTF8*$!
{
	archiveVersion = 1;
	classes = {
	};
	objectVersion = 50;
	objects = {

/* Begin PBXBuildFile section */
		401383632228CCDB00831AF0 /* AppDelegate.m in Sources */ = {isa = PBXBuildFile; fileRef = 401383622228CCDB00831AF0 /* AppDelegate.m */; };
		401383662228CCDB00831AF0 /* ViewController.m in Sources */ = {isa = PBXBuildFile; fileRef = 401383652228CCDB00831AF0 /* ViewController.m */; };
		401383692228CCDB00831AF0 /* Main.storyboard in Resources */ = {isa = PBXBuildFile; fileRef = 401383672228CCDB00831AF0 /* Main.storyboard */; };
		4013836B2228CCDF00831AF0 /* Assets.xcassets in Resources */ = {isa = PBXBuildFile; fileRef = 4013836A2228CCDF00831AF0 /* Assets.xcassets */; };
		4013836E2228CCDF00831AF0 /* LaunchScreen.storyboard in Resources */ = {isa = PBXBuildFile; fileRef = 4013836C2228CCDF00831AF0 /* LaunchScreen.storyboard */; };
		401383712228CCDF00831AF0 /* main.m in Sources */ = {isa = PBXBuildFile; fileRef = 401383702228CCDF00831AF0 /* main.m */; };
		4013837B2228CCE000831AF0 /* testAAAAAATests.m in Sources */ = {isa = PBXBuildFile; fileRef = 4013837A2228CCE000831AF0 /* testAAAAAATests.m */; };
		401383862228CCE000831AF0 /* testAAAAAAUITests.m in Sources */ = {isa = PBXBuildFile; fileRef = 401383852228CCE000831AF0 /* testAAAAAAUITests.m */; };
		4013839B223B3D6900831AF0 /* MCBlock.m in Sources */ = {isa = PBXBuildFile; fileRef = 4013839A223B3D6900831AF0 /* MCBlock.m */; };
		40F66E5F226D84FE00E2140C /* TestView.m in Sources */ = {isa = PBXBuildFile; fileRef = 40F66E5E226D84FE00E2140C /* TestView.m */; };
		40F66E62226D870C00E2140C /* FirstViewController.m in Sources */ = {isa = PBXBuildFile; fileRef = 40F66E61226D870C00E2140C /* FirstViewController.m */; };
/* End PBXBuildFile section */

/* Begin PBXContainerItemProxy section */
		401383772228CCE000831AF0 /* PBXContainerItemProxy */ = {
			isa = PBXContainerItemProxy;
			containerPortal = 401383562228CCDB00831AF0 /* Project object */;
			proxyType = 1;
			remoteGlobalIDString = 4013835D2228CCDB00831AF0;
			remoteInfo = testAAAAAA;
		};
		401383822228CCE000831AF0 /* PBXContainerItemProxy */ = {
			isa = PBXContainerItemProxy;
			containerPortal = 401383562228CCDB00831AF0 /* Project object */;
			proxyType = 1;
			remoteGlobalIDString = 4013835D2228CCDB00831AF0;
			remoteInfo = testAAAAAA;
		};
/* End PBXContainerItemProxy section */

/* Begin PBXFileReference section */
		4013835E2228CCDB00831AF0 /* testAAAAAA.app */ = {isa = PBXFileReference; explicitFileType = wrapper.application; includeInIndex = 0; path = testAAAAAA.app; sourceTree = BUILT_PRODUCTS_DIR; };
		401383612228CCDB00831AF0 /* AppDelegate.h */ = {isa = PBXFileReference; lastKnownFileType = sourcecode.c.h; path = AppDelegate.h; sourceTree = "<group>"; };
		401383622228CCDB00831AF0 /* AppDelegate.m */ = {isa = PBXFileReference; lastKnownFileType = sourcecode.c.objc; path = AppDelegate.m; sourceTree = "<group>"; };
		401383642228CCDB00831AF0 /* ViewController.h */ = {isa = PBXFileReference; lastKnownFileType = sourcecode.c.h; path = ViewController.h; sourceTree = "<group>"; };
		401383652228CCDB00831AF0 /* ViewController.m */ = {isa = PBXFileReference; lastKnownFileType = sourcecode.c.objc; path = ViewController.m; sourceTree = "<group>"; };
		401383682228CCDB00831AF0 /* Base */ = {isa = PBXFileReference; lastKnownFileType = file.storyboard; name = Base; path = Base.lproj/Main.storyboard; sourceTree = "<group>"; };
		4013836A2228CCDF00831AF0 /* Assets.xcassets */ = {isa = PBXFileReference; lastKnownFileType = folder.assetcatalog; path = Assets.xcassets; sourceTree = "<group>"; };
		4013836D2228CCDF00831AF0 /* Base */ = {isa = PBXFileReference; lastKnownFileType = file.storyboard; name = Base; path = Base.lproj/LaunchScreen.storyboard; sourceTree = "<group>"; };
		4013836F2228CCDF00831AF0 /* Info.plist */ = {isa = PBXFileReference; lastKnownFileType = text.plist.xml; path = Info.plist; sourceTree = "<group>"; };
		401383702228CCDF00831AF0 /* main.m */ = {isa = PBXFileReference; lastKnownFileType = sourcecode.c.objc; path = main.m; sourceTree = "<group>"; };
		401383762228CCE000831AF0 /* testAAAAAATests.xctest */ = {isa = PBXFileReference; explicitFileType = wrapper.cfbundle; includeInIndex = 0; path = testAAAAAATests.xctest; sourceTree = BUILT_PRODUCTS_DIR; };
		4013837A2228CCE000831AF0 /* testAAAAAATests.m */ = {isa = PBXFileReference; lastKnownFileType = sourcecode.c.objc; path = testAAAAAATests.m; sourceTree = "<group>"; };
		4013837C2228CCE000831AF0 /* Info.plist */ = {isa = PBXFileReference; lastKnownFileType = text.plist.xml; path = Info.plist; sourceTree = "<group>"; };
		401383812228CCE000831AF0 /* testAAAAAAUITests.xctest */ = {isa = PBXFileReference; explicitFileType = wrapper.cfbundle; includeInIndex = 0; path = testAAAAAAUITests.xctest; sourceTree = BUILT_PRODUCTS_DIR; };
		401383852228CCE000831AF0 /* testAAAAAAUITests.m */ = {isa = PBXFileReference; lastKnownFileType = sourcecode.c.objc; path = testAAAAAAUITests.m; sourceTree = "<group>"; };
		401383872228CCE000831AF0 /* Info.plist */ = {isa = PBXFileReference; lastKnownFileType = text.plist.xml; path = Info.plist; sourceTree = "<group>"; };
		40138399223B3D6900831AF0 /* MCBlock.h */ = {isa = PBXFileReference; lastKnownFileType = sourcecode.c.h; path = MCBlock.h; sourceTree = "<group>"; };
		4013839A223B3D6900831AF0 /* MCBlock.m */ = {isa = PBXFileReference; lastKnownFileType = sourcecode.c.objc; path = MCBlock.m; sourceTree = "<group>"; };
		40F66E5D226D84FE00E2140C /* TestView.h */ = {isa = PBXFileReference; lastKnownFileType = sourcecode.c.h; path = TestView.h; sourceTree = "<group>"; };
		40F66E5E226D84FE00E2140C /* TestView.m */ = {isa = PBXFileReference; lastKnownFileType = sourcecode.c.objc; path = TestView.m; sourceTree = "<group>"; };
		40F66E60226D870C00E2140C /* FirstViewController.h */ = {isa = PBXFileReference; lastKnownFileType = sourcecode.c.h; path = FirstViewController.h; sourceTree = "<group>"; };
		40F66E61226D870C00E2140C /* FirstViewController.m */ = {isa = PBXFileReference; lastKnownFileType = sourcecode.c.objc; path = FirstViewController.m; sourceTree = "<group>"; };
/* End PBXFileReference section */

/* Begin PBXFrameworksBuildPhase section */
		4013835B2228CCDB00831AF0 /* Frameworks */ = {
			isa = PBXFrameworksBuildPhase;
			buildActionMask = 2147483647;
			files = (
			);
			runOnlyForDeploymentPostprocessing = 0;
		};
		401383732228CCE000831AF0 /* Frameworks */ = {
			isa = PBXFrameworksBuildPhase;
			buildActionMask = 2147483647;
			files = (
			);
			runOnlyForDeploymentPostprocessing = 0;
		};
		4013837E2228CCE000831AF0 /* Frameworks */ = {
			isa = PBXFrameworksBuildPhase;
			buildActionMask = 2147483647;
			files = (
			);
			runOnlyForDeploymentPostprocessing = 0;
		};
/* End PBXFrameworksBuildPhase section */

/* Begin PBXGroup section */
		401383552228CCDB00831AF0 = {
			isa = PBXGroup;
			children = (
				401383602228CCDB00831AF0 /* testAAAAAA */,
				401383792228CCE000831AF0 /* testAAAAAATests */,
				401383842228CCE000831AF0 /* testAAAAAAUITests */,
				4013835F2228CCDB00831AF0 /* Products */,
			);
			sourceTree = "<group>";
		};
		4013835F2228CCDB00831AF0 /* Products */ = {
			isa = PBXGroup;
			children = (
				4013835E2228CCDB00831AF0 /* testAAAAAA.app */,
				401383762228CCE000831AF0 /* testAAAAAATests.xctest */,
				401383812228CCE000831AF0 /* testAAAAAAUITests.xctest */,
			);
			name = Products;
			sourceTree = "<group>";
		};
		401383602228CCDB00831AF0 /* testAAAAAA */ = {
			isa = PBXGroup;
			children = (
				401383612228CCDB00831AF0 /* AppDelegate.h */,
				401383622228CCDB00831AF0 /* AppDelegate.m */,
				401383642228CCDB00831AF0 /* ViewController.h */,
				401383652228CCDB00831AF0 /* ViewController.m */,
				40F66E60226D870C00E2140C /* FirstViewController.h */,
				40F66E61226D870C00E2140C /* FirstViewController.m */,
				40138399223B3D6900831AF0 /* MCBlock.h */,
				4013839A223B3D6900831AF0 /* MCBlock.m */,
				40F66E5D226D84FE00E2140C /* TestView.h */,
				40F66E5E226D84FE00E2140C /* TestView.m */,
				401383672228CCDB00831AF0 /* Main.storyboard */,
				4013836A2228CCDF00831AF0 /* Assets.xcassets */,
				4013836C2228CCDF00831AF0 /* LaunchScreen.storyboard */,
				4013836F2228CCDF00831AF0 /* Info.plist */,
				401383702228CCDF00831AF0 /* main.m */,
			);
			path = testAAAAAA;
			sourceTree = "<group>";
		};
		401383792228CCE000831AF0 /* testAAAAAATests */ = {
			isa = PBXGroup;
			children = (
				4013837A2228CCE000831AF0 /* testAAAAAATests.m */,
				4013837C2228CCE000831AF0 /* Info.plist */,
			);
			path = testAAAAAATests;
			sourceTree = "<group>";
		};
		401383842228CCE000831AF0 /* testAAAAAAUITests */ = {
			isa = PBXGroup;
			children = (
				401383852228CCE000831AF0 /* testAAAAAAUITests.m */,
				401383872228CCE000831AF0 /* Info.plist */,
			);
			path = testAAAAAAUITests;
			sourceTree = "<group>";
		};
/* End PBXGroup section */

/* Begin PBXNativeTarget section */
		4013835D2228CCDB00831AF0 /* testAAAAAA */ = {
			isa = PBXNativeTarget;
			buildConfigurationList = 4013838A2228CCE000831AF0 /* Build configuration list for PBXNativeTarget "testAAAAAA" */;
			buildPhases = (
				4013835A2228CCDB00831AF0 /* Sources */,
				4013835B2228CCDB00831AF0 /* Frameworks */,
				4013835C2228CCDB00831AF0 /* Resources */,
			);
			buildRules = (
			);
			dependencies = (
			);
			name = testAAAAAA;
			productName = testAAAAAA;
			productReference = 4013835E2228CCDB00831AF0 /* testAAAAAA.app */;
			productType = "com.apple.product-type.application";
		};
		401383752228CCE000831AF0 /* testAAAAAATests */ = {
			isa = PBXNativeTarget;
			buildConfigurationList = 4013838D2228CCE000831AF0 /* Build configuration list for PBXNativeTarget "testAAAAAATests" */;
			buildPhases = (
				401383722228CCE000831AF0 /* Sources */,
				401383732228CCE000831AF0 /* Frameworks */,
				401383742228CCE000831AF0 /* Resources */,
			);
			buildRules = (
			);
			dependencies = (
				401383782228CCE000831AF0 /* PBXTargetDependency */,
			);
			name = testAAAAAATests;
			productName = testAAAAAATests;
			productReference = 401383762228CCE000831AF0 /* testAAAAAATests.xctest */;
			productType = "com.apple.product-type.bundle.unit-test";
		};
		401383802228CCE000831AF0 /* testAAAAAAUITests */ = {
			isa = PBXNativeTarget;
			buildConfigurationList = 401383902228CCE000831AF0 /* Build configuration list for PBXNativeTarget "testAAAAAAUITests" */;
			buildPhases = (
				4013837D2228CCE000831AF0 /* Sources */,
				4013837E2228CCE000831AF0 /* Frameworks */,
				4013837F2228CCE000831AF0 /* Resources */,
			);
			buildRules = (
			);
			dependencies = (
				401383832228CCE000831AF0 /* PBXTargetDependency */,
			);
			name = testAAAAAAUITests;
			productName = testAAAAAAUITests;
			productReference = 401383812228CCE000831AF0 /* testAAAAAAUITests.xctest */;
			productType = "com.apple.product-type.bundle.ui-testing";
		};
/* End PBXNativeTarget section */

/* Begin PBXProject section */
		401383562228CCDB00831AF0 /* Project object */ = {
			isa = PBXProject;
			attributes = {
				LastUpgradeCheck = 0940;
				ORGANIZATIONNAME = Jessie;
				TargetAttributes = {
					4013835D2228CCDB00831AF0 = {
						CreatedOnToolsVersion = 9.4.1;
					};
					401383752228CCE000831AF0 = {
						CreatedOnToolsVersion = 9.4.1;
						TestTargetID = 4013835D2228CCDB00831AF0;
					};
					401383802228CCE000831AF0 = {
						CreatedOnToolsVersion = 9.4.1;
						TestTargetID = 4013835D2228CCDB00831AF0;
					};
				};
			};
			buildConfigurationList = 401383592228CCDB00831AF0 /* Build configuration list for PBXProject "testAAAAAA" */;
			compatibilityVersion = "Xcode 9.3";
			developmentRegion = en;
			hasScannedForEncodings = 0;
			knownRegions = (
				en,
				Base,
			);
			mainGroup = 401383552228CCDB00831AF0;
			productRefGroup = 4013835F2228CCDB00831AF0 /* Products */;
			projectDirPath = "";
			projectRoot = "";
			targets = (
				4013835D2228CCDB00831AF0 /* testAAAAAA */,
				401383752228CCE000831AF0 /* testAAAAAATests */,
				401383802228CCE000831AF0 /* testAAAAAAUITests */,
			);
		};
/* End PBXProject section */

/* Begin PBXResourcesBuildPhase section */
		4013835C2228CCDB00831AF0 /* Resources */ = {
			isa = PBXResourcesBuildPhase;
			buildActionMask = 2147483647;
			files = (
				4013836E2228CCDF00831AF0 /* LaunchScreen.storyboard in Resources */,
				4013836B2228CCDF00831AF0 /* Assets.xcassets in Resources */,
				401383692228CCDB00831AF0 /* Main.storyboard in Resources */,
			);
			runOnlyForDeploymentPostprocessing = 0;
		};
		401383742228CCE000831AF0 /* Resources */ = {
			isa = PBXResourcesBuildPhase;
			buildActionMask = 2147483647;
			files = (
			);
			runOnlyForDeploymentPostprocessing = 0;
		};
		4013837F2228CCE000831AF0 /* Resources */ = {
			isa = PBXResourcesBuildPhase;
			buildActionMask = 2147483647;
			files = (
			);
			runOnlyForDeploymentPostprocessing = 0;
		};
/* End PBXResourcesBuildPhase section */

/* Begin PBXSourcesBuildPhase section */
		4013835A2228CCDB00831AF0 /* Sources */ = {
			isa = PBXSourcesBuildPhase;
			buildActionMask = 2147483647;
			files = (
				401383662228CCDB00831AF0 /* ViewController.m in Sources */,
				40F66E62226D870C00E2140C /* FirstViewController.m in Sources */,
				401383712228CCDF00831AF0 /* main.m in Sources */,
				40F66E5F226D84FE00E2140C /* TestView.m in Sources */,
				401383632228CCDB00831AF0 /* AppDelegate.m in Sources */,
				4013839B223B3D6900831AF0 /* MCBlock.m in Sources */,
			);
			runOnlyForDeploymentPostprocessing = 0;
		};
		401383722228CCE000831AF0 /* Sources */ = {
			isa = PBXSourcesBuildPhase;
			buildActionMask = 2147483647;
			files = (
				4013837B2228CCE000831AF0 /* testAAAAAATests.m in Sources */,
			);
			runOnlyForDeploymentPostprocessing = 0;
		};
		4013837D2228CCE000831AF0 /* Sources */ = {
			isa = PBXSourcesBuildPhase;
			buildActionMask = 2147483647;
			files = (
				401383862228CCE000831AF0 /* testAAAAAAUITests.m in Sources */,
			);
			runOnlyForDeploymentPostprocessing = 0;
		};
/* End PBXSourcesBuildPhase section */

/* Begin PBXTargetDependency section */
		401383782228CCE000831AF0 /* PBXTargetDependency */ = {
			isa = PBXTargetDependency;
			target = 4013835D2228CCDB00831AF0 /* testAAAAAA */;
			targetProxy = 401383772228CCE000831AF0 /* PBXContainerItemProxy */;
		};
		401383832228CCE000831AF0 /* PBXTargetDependency */ = {
			isa = PBXTargetDependency;
			target = 4013835D2228CCDB00831AF0 /* testAAAAAA */;
			targetProxy = 401383822228CCE000831AF0 /* PBXContainerItemProxy */;
		};
/* End PBXTargetDependency section */

/* Begin PBXVariantGroup section */
		401383672228CCDB00831AF0 /* Main.storyboard */ = {
			isa = PBXVariantGroup;
			children = (
				401383682228CCDB00831AF0 /* Base */,
			);
			name = Main.storyboard;
			sourceTree = "<group>";
		};
		4013836C2228CCDF00831AF0 /* LaunchScreen.storyboard */ = {
			isa = PBXVariantGroup;
			children = (
				4013836D2228CCDF00831AF0 /* Base */,
			);
			name = LaunchScreen.storyboard;
			sourceTree = "<group>";
		};
/* End PBXVariantGroup section */

/* Begin XCBuildConfiguration section */
		401383882228CCE000831AF0 /* Debug */ = {
			isa = XCBuildConfiguration;
			buildSettings = {
				ALWAYS_SEARCH_USER_PATHS = NO;
				CLANG_ANALYZER_NONNULL = YES;
				CLANG_ANALYZER_NUMBER_OBJECT_CONVERSION = YES_AGGRESSIVE;
				CLANG_CXX_LANGUAGE_STANDARD = "gnu++14";
				CLANG_CXX_LIBRARY = "libc++";
				CLANG_ENABLE_MODULES = YES;
				CLANG_ENABLE_OBJC_ARC = YES;
				CLANG_ENABLE_OBJC_WEAK = YES;
				CLANG_WARN_BLOCK_CAPTURE_AUTORELEASING = YES;
				CLANG_WARN_BOOL_CONVERSION = YES;
				CLANG_WARN_COMMA = YES;
				CLANG_WARN_CONSTANT_CONVERSION = YES;
				CLANG_WARN_DEPRECATED_OBJC_IMPLEMENTATIONS = YES;
				CLANG_WARN_DIRECT_OBJC_ISA_USAGE = YES_ERROR;
				CLANG_WARN_DOCUMENTATION_COMMENTS = YES;
				CLANG_WARN_EMPTY_BODY = YES;
				CLANG_WARN_ENUM_CONVERSION = YES;
				CLANG_WARN_INFINITE_RECURSION = YES;
				CLANG_WARN_INT_CONVERSION = YES;
				CLANG_WARN_NON_LITERAL_NULL_CONVERSION = YES;
				CLANG_WARN_OBJC_IMPLICIT_RETAIN_SELF = YES;
				CLANG_WARN_OBJC_LITERAL_CONVERSION = YES;
				CLANG_WARN_OBJC_ROOT_CLASS = YES_ERROR;
				CLANG_WARN_RANGE_LOOP_ANALYSIS = YES;
				CLANG_WARN_STRICT_PROTOTYPES = YES;
				CLANG_WARN_SUSPICIOUS_MOVE = YES;
				CLANG_WARN_UNGUARDED_AVAILABILITY = YES_AGGRESSIVE;
				CLANG_WARN_UNREACHABLE_CODE = YES;
				CLANG_WARN__DUPLICATE_METHOD_MATCH = YES;
				CODE_SIGN_IDENTITY = "iPhone Developer";
				COPY_PHASE_STRIP = NO;
				DEBUG_INFORMATION_FORMAT = dwarf;
				ENABLE_STRICT_OBJC_MSGSEND = YES;
				ENABLE_TESTABILITY = YES;
				GCC_C_LANGUAGE_STANDARD = gnu11;
				GCC_DYNAMIC_NO_PIC = NO;
				GCC_NO_COMMON_BLOCKS = YES;
				GCC_OPTIMIZATION_LEVEL = 0;
				GCC_PREPROCESSOR_DEFINITIONS = (
					"DEBUG=1",
					"$(inherited)",
				);
				GCC_WARN_64_TO_32_BIT_CONVERSION = YES;
				GCC_WARN_ABOUT_RETURN_TYPE = YES_ERROR;
				GCC_WARN_UNDECLARED_SELECTOR = YES;
				GCC_WARN_UNINITIALIZED_AUTOS = YES_AGGRESSIVE;
				GCC_WARN_UNUSED_FUNCTION = YES;
				GCC_WARN_UNUSED_VARIABLE = YES;
				IPHONEOS_DEPLOYMENT_TARGET = 11.4;
				MTL_ENABLE_DEBUG_INFO = YES;
				ONLY_ACTIVE_ARCH = YES;
				SDKROOT = iphoneos;
			};
			name = Debug;
		};
		401383892228CCE000831AF0 /* Release */ = {
			isa = XCBuildConfiguration;
			buildSettings = {
				ALWAYS_SEARCH_USER_PATHS = NO;
				CLANG_ANALYZER_NONNULL = YES;
				CLANG_ANALYZER_NUMBER_OBJECT_CONVERSION = YES_AGGRESSIVE;
				CLANG_CXX_LANGUAGE_STANDARD = "gnu++14";
				CLANG_CXX_LIBRARY = "libc++";
				CLANG_ENABLE_MODULES = YES;
				CLANG_ENABLE_OBJC_ARC = YES;
				CLANG_ENABLE_OBJC_WEAK = YES;
				CLANG_WARN_BLOCK_CAPTURE_AUTORELEASING = YES;
				CLANG_WARN_BOOL_CONVERSION = YES;
				CLANG_WARN_COMMA = YES;
				CLANG_WARN_CONSTANT_CONVERSION = YES;
				CLANG_WARN_DEPRECATED_OBJC_IMPLEMENTATIONS = YES;
				CLANG_WARN_DIRECT_OBJC_ISA_USAGE = YES_ERROR;
				CLANG_WARN_DOCUMENTATION_COMMENTS = YES;
				CLANG_WARN_EMPTY_BODY = YES;
				CLANG_WARN_ENUM_CONVERSION = YES;
				CLANG_WARN_INFINITE_RECURSION = YES;
				CLANG_WARN_INT_CONVERSION = YES;
				CLANG_WARN_NON_LITERAL_NULL_CONVERSION = YES;
				CLANG_WARN_OBJC_IMPLICIT_RETAIN_SELF = YES;
				CLANG_WARN_OBJC_LITERAL_CONVERSION = YES;
				CLANG_WARN_OBJC_ROOT_CLASS = YES_ERROR;
				CLANG_WARN_RANGE_LOOP_ANALYSIS = YES;
				CLANG_WARN_STRICT_PROTOTYPES = YES;
				CLANG_WARN_SUSPICIOUS_MOVE = YES;
				CLANG_WARN_UNGUARDED_AVAILABILITY = YES_AGGRESSIVE;
				CLANG_WARN_UNREACHABLE_CODE = YES;
				CLANG_WARN__DUPLICATE_METHOD_MATCH = YES;
				CODE_SIGN_IDENTITY = "iPhone Developer";
				COPY_PHASE_STRIP = NO;
				DEBUG_INFORMATION_FORMAT = "dwarf-with-dsym";
				ENABLE_NS_ASSERTIONS = NO;
				ENABLE_STRICT_OBJC_MSGSEND = YES;
				GCC_C_LANGUAGE_STANDARD = gnu11;
				GCC_NO_COMMON_BLOCKS = YES;
				GCC_WARN_64_TO_32_BIT_CONVERSION = YES;
				GCC_WARN_ABOUT_RETURN_TYPE = YES_ERROR;
				GCC_WARN_UNDECLARED_SELECTOR = YES;
				GCC_WARN_UNINITIALIZED_AUTOS = YES_AGGRESSIVE;
				GCC_WARN_UNUSED_FUNCTION = YES;
				GCC_WARN_UNUSED_VARIABLE = YES;
				IPHONEOS_DEPLOYMENT_TARGET = 11.4;
				MTL_ENABLE_DEBUG_INFO = NO;
				SDKROOT = iphoneos;
				VALIDATE_PRODUCT = YES;
			};
			name = Release;
		};
		4013838B2228CCE000831AF0 /* Debug */ = {
			isa = XCBuildConfiguration;
			buildSettings = {
				ASSETCATALOG_COMPILER_APPICON_NAME = AppIcon;
				CODE_SIGN_STYLE = Automatic;
				INFOPLIST_FILE = testAAAAAA/Info.plist;
				LD_RUNPATH_SEARCH_PATHS = (
					"$(inherited)",
					"@executable_path/Frameworks",
				);
				PRODUCT_BUNDLE_IDENTIFIER = com.testButtons.testAAAAAA;
				PRODUCT_NAME = "$(TARGET_NAME)";
				TARGETED_DEVICE_FAMILY = "1,2";
			};
			name = Debug;
		};
		4013838C2228CCE000831AF0 /* Release */ = {
			isa = XCBuildConfiguration;
			buildSettings = {
				ASSETCATALOG_COMPILER_APPICON_NAME = AppIcon;
				CODE_SIGN_STYLE = Automatic;
				INFOPLIST_FILE = testAAAAAA/Info.plist;
				LD_RUNPATH_SEARCH_PATHS = (
					"$(inherited)",
					"@executable_path/Frameworks",
				);
				PRODUCT_BUNDLE_IDENTIFIER = com.testButtons.testAAAAAA;
				PRODUCT_NAME = "$(TARGET_NAME)";
				TARGETED_DEVICE_FAMILY = "1,2";
			};
			name = Release;
		};
		4013838E2228CCE000831AF0 /* Debug */ = {
			isa = XCBuildConfiguration;
			buildSettings = {
				BUNDLE_LOADER = "$(TEST_HOST)";
				CODE_SIGN_STYLE = Automatic;
				INFOPLIST_FILE = testAAAAAATests/Info.plist;
				LD_RUNPATH_SEARCH_PATHS = (
					"$(inherited)",
					"@executable_path/Frameworks",
					"@loader_path/Frameworks",
				);
				PRODUCT_BUNDLE_IDENTIFIER = com.testButtons.testAAAAAATests;
				PRODUCT_NAME = "$(TARGET_NAME)";
				TARGETED_DEVICE_FAMILY = "1,2";
				TEST_HOST = "$(BUILT_PRODUCTS_DIR)/testAAAAAA.app/testAAAAAA";
			};
			name = Debug;
		};
		4013838F2228CCE000831AF0 /* Release */ = {
			isa = XCBuildConfiguration;
			buildSettings = {
				BUNDLE_LOADER = "$(TEST_HOST)";
				CODE_SIGN_STYLE = Automatic;
				INFOPLIST_FILE = testAAAAAATests/Info.plist;
				LD_RUNPATH_SEARCH_PATHS = (
					"$(inherited)",
					"@executable_path/Frameworks",
					"@loader_path/Frameworks",
				);
				PRODUCT_BUNDLE_IDENTIFIER = com.testButtons.testAAAAAATests;
				PRODUCT_NAME = "$(TARGET_NAME)";
				TARGETED_DEVICE_FAMILY = "1,2";
				TEST_HOST = "$(BUILT_PRODUCTS_DIR)/testAAAAAA.app/testAAAAAA";
			};
			name = Release;
		};
		401383912228CCE000831AF0 /* Debug */ = {
			isa = XCBuildConfiguration;
			buildSettings = {
				CODE_SIGN_STYLE = Automatic;
				INFOPLIST_FILE = testAAAAAAUITests/Info.plist;
				LD_RUNPATH_SEARCH_PATHS = (
					"$(inherited)",
					"@executable_path/Frameworks",
					"@loader_path/Frameworks",
				);
				PRODUCT_BUNDLE_IDENTIFIER = com.testButtons.testAAAAAAUITests;
				PRODUCT_NAME = "$(TARGET_NAME)";
				TARGETED_DEVICE_FAMILY = "1,2";
				TEST_TARGET_NAME = testAAAAAA;
			};
			name = Debug;
		};
		401383922228CCE000831AF0 /* Release */ = {
			isa = XCBuildConfiguration;
			buildSettings = {
				CODE_SIGN_STYLE = Automatic;
				INFOPLIST_FILE = testAAAAAAUITests/Info.plist;
				LD_RUNPATH_SEARCH_PATHS = (
					"$(inherited)",
					"@executable_path/Frameworks",
					"@loader_path/Frameworks",
				);
				PRODUCT_BUNDLE_IDENTIFIER = com.testButtons.testAAAAAAUITests;
				PRODUCT_NAME = "$(TARGET_NAME)";
				TARGETED_DEVICE_FAMILY = "1,2";
				TEST_TARGET_NAME = testAAAAAA;
			};
			name = Release;
		};
/* End XCBuildConfiguration section */

/* Begin XCConfigurationList section */
		401383592228CCDB00831AF0 /* Build configuration list for PBXProject "testAAAAAA" */ = {
			isa = XCConfigurationList;
			buildConfigurations = (
				401383882228CCE000831AF0 /* Debug */,
				401383892228CCE000831AF0 /* Release */,
			);
			defaultConfigurationIsVisible = 0;
			defaultConfigurationName = Release;
		};
		4013838A2228CCE000831AF0 /* Build configuration list for PBXNativeTarget "testAAAAAA" */ = {
			isa = XCConfigurationList;
			buildConfigurations = (
				4013838B2228CCE000831AF0 /* Debug */,
				4013838C2228CCE000831AF0 /* Release */,
			);
			defaultConfigurationIsVisible = 0;
			defaultConfigurationName = Release;
		};
		4013838D2228CCE000831AF0 /* Build configuration list for PBXNativeTarget "testAAAAAATests" */ = {
			isa = XCConfigurationList;
			buildConfigurations = (
				4013838E2228CCE000831AF0 /* Debug */,
				4013838F2228CCE000831AF0 /* Release */,
			);
			defaultConfigurationIsVisible = 0;
			defaultConfigurationName = Release;
		};
		401383902228CCE000831AF0 /* Build configuration list for PBXNativeTarget "testAAAAAAUITests" */ = {
			isa = XCConfigurationList;
			buildConfigurations = (
				401383912228CCE000831AF0 /* Debug */,
				401383922228CCE000831AF0 /* Release */,
			);
			defaultConfigurationIsVisible = 0;
			defaultConfigurationName = Release;
		};
/* End XCConfigurationList section */
	};
	rootObject = 401383562228CCDB00831AF0 /* Project object */;
}
